
Microsoft Visual Studio Solution File, Format Version 12.00
# Visual Studio Version 16
VisualStudioVersion = 16.0.31729.503
MinimumVisualStudioVersion = 10.0.40219.1
Project("{FAE04EC0-301F-11D3-BF4B-00C04F79EFBC}") = "ders notu hesaplama", "ders notu hesaplama\ders notu hesaplama.csproj", "{9C996D9F-611E-4839-92C9-B9F25CAD68BC}"
EndProject
Global
	GlobalSection(SolutionConfigurationPlatforms) = preSolution
		Debug|Any CPU = Debug|Any CPU
		Release|Any CPU = Release|Any CPU
	EndGlobalSection
	GlobalSection(ProjectConfigurationPlatforms) = postSolution
		{9C996D9F-611E-4839-92C9-B9F25CAD68BC}.Debug|Any CPU.ActiveCfg = Debug|Any CPU
		{9C996D9F-611E-4839-92C9-B9F25CAD68BC}.Debug|Any CPU.Build.0 = Debug|Any CPU
		{9C996D9F-611E-4839-92C9-B9F25CAD68BC}.Release|Any CPU.ActiveCfg = Release|Any CPU
		{9C996D9F-611E-4839-92C9-B9F25CAD68BC}.Release|Any CPU.Build.0 = Release|Any CPU
	EndGlobalSection
	GlobalSection(SolutionProperties) = preSolution
		HideSolutionNode = FALSE
	EndGlobalSection
	GlobalSection(ExtensibilityGlobals) = postSolution
		SolutionGuid = {A9096805-8909-41D0-9674-9CEA3AFEB3E5}
	EndGlobalSection
EndGlobal
